
Microsoft Visual Studio Solution File, Format Version 12.00
# Visual Studio 15
VisualStudioVersion = 15.0.28307.539
MinimumVisualStudioVersion = 10.0.40219.1
Project("{9A19103F-16F7-4668-BE54-9A1E7A4F7556}") = "MathOperation", "Polymorphism\MathOperation.csproj", "{EA07D7A5-031A-431C-B8D6-7578C3C7A76F}"
EndProject
Project("{9A19103F-16F7-4668-BE54-9A1E7A4F7556}") = "Animals", "Animals\Animals.csproj", "{4E02FA99-F3EF-461C-B112-D1DCECBE7779}"
EndProject
Project("{FAE04EC0-301F-11D3-BF4B-00C04F79EFBC}") = "Vehicles", "Vehicles\Vehicles.csproj", "{BAAD0F8D-1081-4AB3-8F42-65955E7AF5D0}"
EndProject
Global
	GlobalSection(SolutionConfigurationPlatforms) = preSolution
		Debug|Any CPU = Debug|Any CPU
		Release|Any CPU = Release|Any CPU
	EndGlobalSection
	GlobalSection(ProjectConfigurationPlatforms) = postSolution
		{EA07D7A5-031A-431C-B8D6-7578C3C7A76F}.Debug|Any CPU.ActiveCfg = Debug|Any CPU
		{EA07D7A5-031A-431C-B8D6-7578C3C7A76F}.Debug|Any CPU.Build.0 = Debug|Any CPU
		{EA07D7A5-031A-431C-B8D6-7578C3C7A76F}.Release|Any CPU.ActiveCfg = Release|Any CPU
		{EA07D7A5-031A-431C-B8D6-7578C3C7A76F}.Release|Any CPU.Build.0 = Release|Any CPU
		{4E02FA99-F3EF-461C-B112-D1DCECBE7779}.Debug|Any CPU.ActiveCfg = Debug|Any CPU
		{4E02FA99-F3EF-461C-B112-D1DCECBE7779}.Debug|Any CPU.Build.0 = Debug|Any CPU
		{4E02FA99-F3EF-461C-B112-D1DCECBE7779}.Release|Any CPU.ActiveCfg = Release|Any CPU
		{4E02FA99-F3EF-461C-B112-D1DCECBE7779}.Release|Any CPU.Build.0 = Release|Any CPU
		{BAAD0F8D-1081-4AB3-8F42-65955E7AF5D0}.Debug|Any CPU.ActiveCfg = Debug|Any CPU
		{BAAD0F8D-1081-4AB3-8F42-65955E7AF5D0}.Debug|Any CPU.Build.0 = Debug|Any CPU
		{BAAD0F8D-1081-4AB3-8F42-65955E7AF5D0}.Release|Any CPU.ActiveCfg = Release|Any CPU
		{BAAD0F8D-1081-4AB3-8F42-65955E7AF5D0}.Release|Any CPU.Build.0 = Release|Any CPU
	EndGlobalSection
	GlobalSection(SolutionProperties) = preSolution
		HideSolutionNode = FALSE
	EndGlobalSection
	GlobalSection(ExtensibilityGlobals) = postSolution
		SolutionGuid = {88CA7A94-6981-4EE9-9366-9F8AAB189B10}
	EndGlobalSection
EndGlobal
